
Microsoft Visual Studio Solution File, Format Version 12.00
# Visual Studio 2012
Project("{FAE04EC0-301F-11D3-BF4B-00C04F79EFBC}") = "owGuide0331_b", "owGuide0331_b\owGuide0331_b.csproj", "{D0EB0A4B-7B03-4018-BA4B-759AFF97926D}"
EndProject
Global
	GlobalSection(SolutionConfigurationPlatforms) = preSolution
		Debug|Any CPU = Debug|Any CPU
		Release|Any CPU = Release|Any CPU
	EndGlobalSection
	GlobalSection(ProjectConfigurationPlatforms) = postSolution
		{D0EB0A4B-7B03-4018-BA4B-759AFF97926D}.Debug|Any CPU.ActiveCfg = Debug|Any CPU
		{D0EB0A4B-7B03-4018-BA4B-759AFF97926D}.Debug|Any CPU.Build.0 = Debug|Any CPU
		{D0EB0A4B-7B03-4018-BA4B-759AFF97926D}.Release|Any CPU.ActiveCfg = Release|Any CPU
		{D0EB0A4B-7B03-4018-BA4B-759AFF97926D}.Release|Any CPU.Build.0 = Release|Any CPU
	EndGlobalSection
	GlobalSection(SolutionProperties) = preSolution
		HideSolutionNode = FALSE
	EndGlobalSection
EndGlobal
